
Microsoft Visual Studio Solution File, Format Version 12.00
# Visual Studio Version 17
VisualStudioVersion = 17.11.35303.130
MinimumVisualStudioVersion = 10.0.40219.1
Project("{9A19103F-16F7-4668-BE54-9A1E7A4F7556}") = "WorkContrats", "Aulas\WorkContrats.csproj", "{84996AEC-8315-4E04-951B-F596B68902B7}"
EndProject
Project("{9A19103F-16F7-4668-BE54-9A1E7A4F7556}") = "Chat", "Chat\Chat.csproj", "{2B346A02-9D14-4306-AB7B-E2B955462E72}"
EndProject
Project("{9A19103F-16F7-4668-BE54-9A1E7A4F7556}") = "PlannedInventory", "PlannedInventory\PlannedInventory.csproj", "{23C202C2-809E-4934-BDD5-9B5D4BCC04A2}"
EndProject
Project("{9A19103F-16F7-4668-BE54-9A1E7A4F7556}") = "Enterprise", "Enterprise\Enterprise.csproj", "{821A8C41-0D92-4A0F-AECF-4C412109E127}"
EndProject
Global
	GlobalSection(SolutionConfigurationPlatforms) = preSolution
		Debug|Any CPU = Debug|Any CPU
		Release|Any CPU = Release|Any CPU
	EndGlobalSection
	GlobalSection(ProjectConfigurationPlatforms) = postSolution
		{84996AEC-8315-4E04-951B-F596B68902B7}.Debug|Any CPU.ActiveCfg = Debug|Any CPU
		{84996AEC-8315-4E04-951B-F596B68902B7}.Debug|Any CPU.Build.0 = Debug|Any CPU
		{84996AEC-8315-4E04-951B-F596B68902B7}.Release|Any CPU.ActiveCfg = Release|Any CPU
		{84996AEC-8315-4E04-951B-F596B68902B7}.Release|Any CPU.Build.0 = Release|Any CPU
		{2B346A02-9D14-4306-AB7B-E2B955462E72}.Debug|Any CPU.ActiveCfg = Debug|Any CPU
		{2B346A02-9D14-4306-AB7B-E2B955462E72}.Debug|Any CPU.Build.0 = Debug|Any CPU
		{2B346A02-9D14-4306-AB7B-E2B955462E72}.Release|Any CPU.ActiveCfg = Release|Any CPU
		{2B346A02-9D14-4306-AB7B-E2B955462E72}.Release|Any CPU.Build.0 = Release|Any CPU
		{23C202C2-809E-4934-BDD5-9B5D4BCC04A2}.Debug|Any CPU.ActiveCfg = Debug|Any CPU
		{23C202C2-809E-4934-BDD5-9B5D4BCC04A2}.Debug|Any CPU.Build.0 = Debug|Any CPU
		{23C202C2-809E-4934-BDD5-9B5D4BCC04A2}.Release|Any CPU.ActiveCfg = Release|Any CPU
		{23C202C2-809E-4934-BDD5-9B5D4BCC04A2}.Release|Any CPU.Build.0 = Release|Any CPU
		{821A8C41-0D92-4A0F-AECF-4C412109E127}.Debug|Any CPU.ActiveCfg = Debug|Any CPU
		{821A8C41-0D92-4A0F-AECF-4C412109E127}.Debug|Any CPU.Build.0 = Debug|Any CPU
		{821A8C41-0D92-4A0F-AECF-4C412109E127}.Release|Any CPU.ActiveCfg = Release|Any CPU
		{821A8C41-0D92-4A0F-AECF-4C412109E127}.Release|Any CPU.Build.0 = Release|Any CPU
	EndGlobalSection
	GlobalSection(SolutionProperties) = preSolution
		HideSolutionNode = FALSE
	EndGlobalSection
	GlobalSection(ExtensibilityGlobals) = postSolution
		SolutionGuid = {E93F02F0-1426-4E2C-8696-610A6A74A50C}
	EndGlobalSection
EndGlobal
