
Microsoft Visual Studio Solution File, Format Version 12.00
# Visual Studio Version 17
VisualStudioVersion = 17.11.35303.130
MinimumVisualStudioVersion = 10.0.40219.1
Project("{FAE04EC0-301F-11D3-BF4B-00C04F79EFBC}") = "WorkContracts", "WorkContracts\WorkContracts.csproj", "{BC44E779-3259-4B70-AA62-5CDFEE0A312E}"
EndProject
Project("{9A19103F-16F7-4668-BE54-9A1E7A4F7556}") = "Chat", "Chat\Chat.csproj", "{2B346A02-9D14-4306-AB7B-E2B955462E72}"
EndProject
Project("{9A19103F-16F7-4668-BE54-9A1E7A4F7556}") = "PlannedInventory", "PlannedInventory\PlannedInventory.csproj", "{23C202C2-809E-4934-BDD5-9B5D4BCC04A2}"
EndProject
Project("{9A19103F-16F7-4668-BE54-9A1E7A4F7556}") = "Enterprise", "Enterprise\Enterprise.csproj", "{821A8C41-0D92-4A0F-AECF-4C412109E127}"
EndProject
Project("{FAE04EC0-301F-11D3-BF4B-00C04F79EFBC}") = "BuyProducts", "BuyProducts\BuyProducts.csproj", "{A10F0849-89DE-4AD5-855C-D4BD377D4D91}"
EndProject
Project("{FAE04EC0-301F-11D3-BF4B-00C04F79EFBC}") = "Banco", "Course\Banco.csproj", "{0D2F7BEE-60F1-4A3E-86F9-EC4CD9D80F41}"
EndProject
Project("{FAE04EC0-301F-11D3-BF4B-00C04F79EFBC}") = "Geometry", "Geometry\Geometry.csproj", "{512928EE-5DE9-4F04-8EDD-E278CD869EE9}"
EndProject
Project("{FAE04EC0-301F-11D3-BF4B-00C04F79EFBC}") = "Test", "Test\Test.csproj", "{342F8C5B-0AB0-433D-936D-7A8847F7DCF3}"
EndProject
Project("{FAE04EC0-301F-11D3-BF4B-00C04F79EFBC}") = "FeeCalculator", "FeeCalculator\FeeCalculator.csproj", "{A2F873DB-4049-418B-A8F1-3D6047DB16EC}"
EndProject
Project("{FAE04EC0-301F-11D3-BF4B-00C04F79EFBC}") = "Hotel", "Hotel\Hotel.csproj", "{6524276C-511A-4EA1-B81B-6A9F91AEBE42}"
EndProject
Global
	GlobalSection(SolutionConfigurationPlatforms) = preSolution
		Debug|Any CPU = Debug|Any CPU
		Release|Any CPU = Release|Any CPU
	EndGlobalSection
	GlobalSection(ProjectConfigurationPlatforms) = postSolution
		{BC44E779-3259-4B70-AA62-5CDFEE0A312E}.Debug|Any CPU.ActiveCfg = Debug|Any CPU
		{BC44E779-3259-4B70-AA62-5CDFEE0A312E}.Debug|Any CPU.Build.0 = Debug|Any CPU
		{BC44E779-3259-4B70-AA62-5CDFEE0A312E}.Release|Any CPU.ActiveCfg = Release|Any CPU
		{BC44E779-3259-4B70-AA62-5CDFEE0A312E}.Release|Any CPU.Build.0 = Release|Any CPU
		{2B346A02-9D14-4306-AB7B-E2B955462E72}.Debug|Any CPU.ActiveCfg = Debug|Any CPU
		{2B346A02-9D14-4306-AB7B-E2B955462E72}.Debug|Any CPU.Build.0 = Debug|Any CPU
		{2B346A02-9D14-4306-AB7B-E2B955462E72}.Release|Any CPU.ActiveCfg = Release|Any CPU
		{2B346A02-9D14-4306-AB7B-E2B955462E72}.Release|Any CPU.Build.0 = Release|Any CPU
		{23C202C2-809E-4934-BDD5-9B5D4BCC04A2}.Debug|Any CPU.ActiveCfg = Debug|Any CPU
		{23C202C2-809E-4934-BDD5-9B5D4BCC04A2}.Debug|Any CPU.Build.0 = Debug|Any CPU
		{23C202C2-809E-4934-BDD5-9B5D4BCC04A2}.Release|Any CPU.ActiveCfg = Release|Any CPU
		{23C202C2-809E-4934-BDD5-9B5D4BCC04A2}.Release|Any CPU.Build.0 = Release|Any CPU
		{821A8C41-0D92-4A0F-AECF-4C412109E127}.Debug|Any CPU.ActiveCfg = Debug|Any CPU
		{821A8C41-0D92-4A0F-AECF-4C412109E127}.Debug|Any CPU.Build.0 = Debug|Any CPU
		{821A8C41-0D92-4A0F-AECF-4C412109E127}.Release|Any CPU.ActiveCfg = Release|Any CPU
		{821A8C41-0D92-4A0F-AECF-4C412109E127}.Release|Any CPU.Build.0 = Release|Any CPU
		{A10F0849-89DE-4AD5-855C-D4BD377D4D91}.Debug|Any CPU.ActiveCfg = Debug|Any CPU
		{A10F0849-89DE-4AD5-855C-D4BD377D4D91}.Debug|Any CPU.Build.0 = Debug|Any CPU
		{A10F0849-89DE-4AD5-855C-D4BD377D4D91}.Release|Any CPU.ActiveCfg = Release|Any CPU
		{A10F0849-89DE-4AD5-855C-D4BD377D4D91}.Release|Any CPU.Build.0 = Release|Any CPU
		{0D2F7BEE-60F1-4A3E-86F9-EC4CD9D80F41}.Debug|Any CPU.ActiveCfg = Debug|Any CPU
		{0D2F7BEE-60F1-4A3E-86F9-EC4CD9D80F41}.Debug|Any CPU.Build.0 = Debug|Any CPU
		{0D2F7BEE-60F1-4A3E-86F9-EC4CD9D80F41}.Release|Any CPU.ActiveCfg = Release|Any CPU
		{0D2F7BEE-60F1-4A3E-86F9-EC4CD9D80F41}.Release|Any CPU.Build.0 = Release|Any CPU
		{512928EE-5DE9-4F04-8EDD-E278CD869EE9}.Debug|Any CPU.ActiveCfg = Debug|Any CPU
		{512928EE-5DE9-4F04-8EDD-E278CD869EE9}.Debug|Any CPU.Build.0 = Debug|Any CPU
		{512928EE-5DE9-4F04-8EDD-E278CD869EE9}.Release|Any CPU.ActiveCfg = Release|Any CPU
		{512928EE-5DE9-4F04-8EDD-E278CD869EE9}.Release|Any CPU.Build.0 = Release|Any CPU
		{342F8C5B-0AB0-433D-936D-7A8847F7DCF3}.Debug|Any CPU.ActiveCfg = Debug|Any CPU
		{342F8C5B-0AB0-433D-936D-7A8847F7DCF3}.Debug|Any CPU.Build.0 = Debug|Any CPU
		{342F8C5B-0AB0-433D-936D-7A8847F7DCF3}.Release|Any CPU.ActiveCfg = Release|Any CPU
		{342F8C5B-0AB0-433D-936D-7A8847F7DCF3}.Release|Any CPU.Build.0 = Release|Any CPU
		{A2F873DB-4049-418B-A8F1-3D6047DB16EC}.Debug|Any CPU.ActiveCfg = Debug|Any CPU
		{A2F873DB-4049-418B-A8F1-3D6047DB16EC}.Debug|Any CPU.Build.0 = Debug|Any CPU
		{A2F873DB-4049-418B-A8F1-3D6047DB16EC}.Release|Any CPU.ActiveCfg = Release|Any CPU
		{A2F873DB-4049-418B-A8F1-3D6047DB16EC}.Release|Any CPU.Build.0 = Release|Any CPU
		{6524276C-511A-4EA1-B81B-6A9F91AEBE42}.Debug|Any CPU.ActiveCfg = Debug|Any CPU
		{6524276C-511A-4EA1-B81B-6A9F91AEBE42}.Debug|Any CPU.Build.0 = Debug|Any CPU
		{6524276C-511A-4EA1-B81B-6A9F91AEBE42}.Release|Any CPU.ActiveCfg = Release|Any CPU
		{6524276C-511A-4EA1-B81B-6A9F91AEBE42}.Release|Any CPU.Build.0 = Release|Any CPU
	EndGlobalSection
	GlobalSection(SolutionProperties) = preSolution
		HideSolutionNode = FALSE
	EndGlobalSection
	GlobalSection(ExtensibilityGlobals) = postSolution
		SolutionGuid = {E93F02F0-1426-4E2C-8696-610A6A74A50C}
	EndGlobalSection
EndGlobal
